<?xml version="1.0" encoding="utf-8"?>
<Project ToolsVersion="4.0" xmlns="http://schemas.microsoft.com/developer/msbuild/2003">
  <ItemGroup>
    <Filter Include="Source Files">
      <UniqueIdentifier>{4FC737F1-C7A5-4376-A066-2A32D752A2FF}</UniqueIdentifier>
      <Extensions>cpp;c;cc;cxx;def;odl;idl;hpj;bat;asm;asmx</Extensions>
    </Filter>
    <Filter Include="Header Files">
      <UniqueIdentifier>{93995380-89BD-4b04-88EB-625FBE52EBFB}</UniqueIdentifier>
      <Extensions>h;hh;hpp;hxx;hm;inl;inc;ipp;xsd</Extensions>
    </Filter>
    <Filter Include="EngineSystems">
      <UniqueIdentifier>{ce002514-0c19-4342-9276-421614628bce}</UniqueIdentifier>
    </Filter>
    <Filter Include="GUI">
      <UniqueIdentifier>{ee61c895-3ed5-4748-9c8f-62070fc9852d}</UniqueIdentifier>
    </Filter>
    <Filter Include="GUI\ImGui">
      <UniqueIdentifier>{a3837f58-b301-4553-902b-f579ba1f1047}</UniqueIdentifier>
    </Filter>
    <Filter Include="ResourceManagement">
      <UniqueIdentifier>{b06f9f91-fff9-4681-aa03-e149c208df95}</UniqueIdentifier>
    </Filter>
    <Filter Include="ResourceManagement\Resources">
      <UniqueIdentifier>{adf89da3-d4be-4cd5-abcf-839cb5154ee3}</UniqueIdentifier>
    </Filter>
    <Filter Include="HID">
      <UniqueIdentifier>{5fc90c86-851b-4707-a2be-04201f49a5f0}</UniqueIdentifier>
    </Filter>
  </ItemGroup>
  <ItemGroup>
    <ClCompile Include="Spark.cpp">
      <Filter>Source Files</Filter>
    </ClCompile>
    <ClCompile Include="glad.c">
      <Filter>Source Files</Filter>
    </ClCompile>
    <ClCompile Include="Mesh.cpp">
      <Filter>Source Files</Filter>
    </ClCompile>
    <ClCompile Include="Clock.cpp">
      <Filter>Source Files</Filter>
    </ClCompile>
    <ClCompile Include="stb_image.cpp">
      <Filter>Source Files</Filter>
    </ClCompile>
    <ClCompile Include="JsonSerializer.cpp">
      <Filter>Source Files</Filter>
    </ClCompile>
    <ClCompile Include="GameObject.cpp">
      <Filter>Source Files</Filter>
    </ClCompile>
    <ClCompile Include="Component.cpp">
      <Filter>Source Files</Filter>
    </ClCompile>
    <ClCompile Include="Camera.cpp">
      <Filter>Source Files</Filter>
    </ClCompile>
    <ClCompile Include="Scene.cpp">
      <Filter>Source Files</Filter>
    </ClCompile>
    <ClCompile Include="ModelMesh.cpp">
      <Filter>Source Files</Filter>
    </ClCompile>
    <ClCompile Include="WorldTransform.cpp">
      <Filter>Source Files</Filter>
    </ClCompile>
    <ClCompile Include="EngineSystems\SparkRenderer.cpp">
      <Filter>EngineSystems</Filter>
    </ClCompile>
    <ClCompile Include="EngineSystems\SceneManager.cpp">
      <Filter>EngineSystems</Filter>
    </ClCompile>
    <ClCompile Include="EngineSystems\ResourceManager.cpp">
      <Filter>EngineSystems</Filter>
    </ClCompile>
    <ClCompile Include="GUI\ImGui\imgui.cpp">
      <Filter>GUI\ImGui</Filter>
    </ClCompile>
    <ClCompile Include="GUI\ImGui\imgui_demo.cpp">
      <Filter>GUI\ImGui</Filter>
    </ClCompile>
    <ClCompile Include="GUI\ImGui\imgui_draw.cpp">
      <Filter>GUI\ImGui</Filter>
    </ClCompile>
    <ClCompile Include="GUI\ImGui\imgui_widgets.cpp">
      <Filter>GUI\ImGui</Filter>
    </ClCompile>
    <ClCompile Include="GUI\ImGui\imgui_impl_glfw.cpp">
      <Filter>GUI\ImGui</Filter>
    </ClCompile>
    <ClCompile Include="GUI\ImGui\imgui_impl_opengl3.cpp">
      <Filter>GUI\ImGui</Filter>
    </ClCompile>
    <ClCompile Include="GUI\SparkGui.cpp">
      <Filter>GUI</Filter>
    </ClCompile>
    <ClCompile Include="GUI\ImGuizmo.cpp">
      <Filter>GUI</Filter>
    </ClCompile>
    <ClCompile Include="MeshPlane.cpp">
      <Filter>Source Files</Filter>
    </ClCompile>
    <ClCompile Include="TerrainGenerator.cpp">
      <Filter>Source Files</Filter>
    </ClCompile>
    <ClCompile Include="ActorAI.cpp">
      <Filter>Source Files</Filter>
    </ClCompile>
    <ClCompile Include="NodeAI.cpp">
      <Filter>Source Files</Filter>
    </ClCompile>
    <ClCompile Include="DirectionalLight.cpp">
      <Filter>Source Files</Filter>
    </ClCompile>
    <ClCompile Include="LightManager.cpp">
      <Filter>Source Files</Filter>
    </ClCompile>
    <ClCompile Include="PointLight.cpp">
      <Filter>Source Files</Filter>
    </ClCompile>
    <ClCompile Include="SpotLight.cpp">
      <Filter>Source Files</Filter>
    </ClCompile>
    <ClCompile Include="Timer.cpp">
      <Filter>Source Files</Filter>
    </ClCompile>
    <ClCompile Include="Structs.cpp">
      <Filter>Source Files</Filter>
    </ClCompile>
    <ClCompile Include="Factory.cpp">
      <Filter>Source Files</Filter>
    </ClCompile>
    <ClCompile Include="Enums.cpp">
      <Filter>Source Files</Filter>
    </ClCompile>
    <ClCompile Include="Logging.cpp">
      <Filter>Source Files</Filter>
    </ClCompile>
    <ClCompile Include="LocalTransform.cpp">
      <Filter>Source Files</Filter>
    </ClCompile>
    <ClCompile Include="CommonUtils.cpp">
      <Filter>Source Files</Filter>
    </ClCompile>
    <ClCompile Include="BlurPass.cpp">
      <Filter>Source Files</Filter>
    </ClCompile>
    <ClCompile Include="DepthOfFieldPass.cpp">
      <Filter>Source Files</Filter>
    </ClCompile>
    <ClCompile Include="ShapeCreator.cpp">
      <Filter>Source Files</Filter>
    </ClCompile>
    <ClCompile Include="ResourceIdentifier.cpp">
      <Filter>ResourceManagement</Filter>
    </ClCompile>
    <ClCompile Include="Resource.cpp">
      <Filter>ResourceManagement</Filter>
    </ClCompile>
    <ClCompile Include="ResourceFactory.cpp">
      <Filter>ResourceManagement</Filter>
    </ClCompile>
    <ClCompile Include="Model.cpp">
      <Filter>ResourceManagement\Resources</Filter>
    </ClCompile>
    <ClCompile Include="GPUResource.cpp">
      <Filter>ResourceManagement</Filter>
    </ClCompile>
    <ClCompile Include="ResourceLibrary.cpp">
      <Filter>ResourceManagement</Filter>
    </ClCompile>
    <ClCompile Include="Texture.cpp">
      <Filter>ResourceManagement\Resources</Filter>
    </ClCompile>
    <ClCompile Include="Shader.cpp">
      <Filter>ResourceManagement\Resources</Filter>
    </ClCompile>
    <ClCompile Include="ResourceLoader.cpp">
      <Filter>ResourceManagement</Filter>
    </ClCompile>
    <ClCompile Include="GBuffer.cpp">
      <Filter>Source Files</Filter>
    </ClCompile>
    <ClCompile Include="LightProbe.cpp">
      <Filter>Source Files</Filter>
    </ClCompile>
    <ClCompile Include="HID\HID.cpp">
      <Filter>HID</Filter>
    </ClCompile>
  </ItemGroup>
  <ItemGroup>
    <ClInclude Include="Spark.h">
      <Filter>Header Files</Filter>
    </ClInclude>
    <ClInclude Include="Structs.h">
      <Filter>Header Files</Filter>
    </ClInclude>
    <ClInclude Include="Mesh.h">
      <Filter>Header Files</Filter>
    </ClInclude>
    <ClInclude Include="Clock.h">
      <Filter>Header Files</Filter>
    </ClInclude>
    <ClInclude Include="Camera.h">
      <Filter>Header Files</Filter>
    </ClInclude>
    <ClInclude Include="Enums.h">
      <Filter>Header Files</Filter>
    </ClInclude>
    <ClInclude Include="JsonSerializer.h">
      <Filter>Header Files</Filter>
    </ClInclude>
    <ClInclude Include="GameObject.h">
      <Filter>Header Files</Filter>
    </ClInclude>
    <ClInclude Include="Component.h">
      <Filter>Header Files</Filter>
    </ClInclude>
    <ClInclude Include="Scene.h">
      <Filter>Header Files</Filter>
    </ClInclude>
    <ClInclude Include="ModelMesh.h">
      <Filter>Header Files</Filter>
    </ClInclude>
    <ClInclude Include="WorldTransform.h">
      <Filter>Header Files</Filter>
    </ClInclude>
    <ClInclude Include="EngineSystems\SparkRenderer.h">
      <Filter>EngineSystems</Filter>
    </ClInclude>
    <ClInclude Include="EngineSystems\SceneManager.h">
      <Filter>EngineSystems</Filter>
    </ClInclude>
    <ClInclude Include="EngineSystems\ResourceManager.h">
      <Filter>EngineSystems</Filter>
    </ClInclude>
    <ClInclude Include="GUI\ImGui\imconfig.h">
      <Filter>GUI\ImGui</Filter>
    </ClInclude>
    <ClInclude Include="GUI\ImGui\imgui.h">
      <Filter>GUI\ImGui</Filter>
    </ClInclude>
    <ClInclude Include="GUI\ImGui\imgui_internal.h">
      <Filter>GUI\ImGui</Filter>
    </ClInclude>
    <ClInclude Include="GUI\ImGui\imstb_rectpack.h">
      <Filter>GUI\ImGui</Filter>
    </ClInclude>
    <ClInclude Include="GUI\ImGui\imstb_textedit.h">
      <Filter>GUI\ImGui</Filter>
    </ClInclude>
    <ClInclude Include="GUI\ImGui\imstb_truetype.h">
      <Filter>GUI\ImGui</Filter>
    </ClInclude>
    <ClInclude Include="GUI\ImGui\imgui_impl_glfw.h">
      <Filter>GUI\ImGui</Filter>
    </ClInclude>
    <ClInclude Include="GUI\ImGui\imgui_impl_opengl3.h">
      <Filter>GUI\ImGui</Filter>
    </ClInclude>
    <ClInclude Include="GUI\SparkGui.h">
      <Filter>GUI</Filter>
    </ClInclude>
    <ClInclude Include="GUI\ImGuizmo.h">
      <Filter>GUI</Filter>
    </ClInclude>
    <ClInclude Include="MeshPlane.h">
      <Filter>Header Files</Filter>
    </ClInclude>
    <ClInclude Include="TerrainGenerator.h">
      <Filter>Header Files</Filter>
    </ClInclude>
    <ClInclude Include="ActorAI.h">
      <Filter>Header Files</Filter>
    </ClInclude>
    <ClInclude Include="NodeAI.h">
      <Filter>Header Files</Filter>
    </ClInclude>
    <ClInclude Include="DirectionalLight.h">
      <Filter>Header Files</Filter>
    </ClInclude>
    <ClInclude Include="LightManager.h">
      <Filter>Header Files</Filter>
    </ClInclude>
    <ClInclude Include="PointLight.h">
      <Filter>Header Files</Filter>
    </ClInclude>
    <ClInclude Include="SpotLight.h">
      <Filter>Header Files</Filter>
    </ClInclude>
    <ClInclude Include="Timer.h">
      <Filter>Header Files</Filter>
    </ClInclude>
    <ClInclude Include="Factory.h">
      <Filter>Header Files</Filter>
    </ClInclude>
    <ClInclude Include="Logging.h">
      <Filter>Header Files</Filter>
    </ClInclude>
    <ClInclude Include="LocalTransform.h">
      <Filter>Header Files</Filter>
    </ClInclude>
    <ClInclude Include="CommonUtils.h">
      <Filter>Header Files</Filter>
    </ClInclude>
    <ClInclude Include="BlurPass.h">
      <Filter>Header Files</Filter>
    </ClInclude>
    <ClInclude Include="DepthOfFieldPass.h">
      <Filter>Header Files</Filter>
    </ClInclude>
    <ClInclude Include="ReflectionUtils.h">
      <Filter>Header Files</Filter>
    </ClInclude>
    <ClInclude Include="ShapeCreator.h">
      <Filter>Header Files</Filter>
    </ClInclude>
    <ClInclude Include="ResourceIdentifier.h">
      <Filter>ResourceManagement</Filter>
    </ClInclude>
    <ClInclude Include="Resource.h">
      <Filter>ResourceManagement</Filter>
    </ClInclude>
    <ClInclude Include="ResourceFactory.h">
      <Filter>ResourceManagement</Filter>
    </ClInclude>
    <ClInclude Include="Model.h">
      <Filter>ResourceManagement\Resources</Filter>
    </ClInclude>
    <ClInclude Include="GPUResource.h">
      <Filter>ResourceManagement</Filter>
    </ClInclude>
    <ClInclude Include="ResourceLibrary.h">
      <Filter>ResourceManagement</Filter>
    </ClInclude>
    <ClInclude Include="Texture.h">
      <Filter>ResourceManagement\Resources</Filter>
    </ClInclude>
    <ClInclude Include="Shader.h">
      <Filter>ResourceManagement\Resources</Filter>
    </ClInclude>
    <ClInclude Include="ResourceLoader.h">
      <Filter>ResourceManagement</Filter>
    </ClInclude>
    <ClInclude Include="GBuffer.h">
      <Filter>Header Files</Filter>
    </ClInclude>
    <ClInclude Include="RenderingRequest.h">
      <Filter>Header Files</Filter>
    </ClInclude>
    <ClInclude Include="LightProbe.h">
      <Filter>Header Files</Filter>
    </ClInclude>
    <ClInclude Include="HID\HID.h">
      <Filter>HID</Filter>
    </ClInclude>
    <ClInclude Include="HID\Key.h">
      <Filter>HID</Filter>
    </ClInclude>
    <ClInclude Include="HID\State.h">
      <Filter>HID</Filter>
    </ClInclude>
  </ItemGroup>
</Project>